PODS:
  - AppAuth (1.5.0):
    - AppAuth/Core (= 1.5.0)
    - AppAuth/ExternalUserAgent (= 1.5.0)
  - AppAuth/Core (1.5.0)
  - AppAuth/ExternalUserAgent (1.5.0):
    - AppAuth/Core
  - ChromaColorPicker (2.0.2)
  - MarkdownKit (1.7.1)
  - MoEngage-iOS-SDK (7.2.2):
    - MORichNotification (< 5.4.0, >= 5.3.0)
  - MORichNotification (5.3.0)
  - tealium-swift (2.6.5):
    - tealium-swift/TealiumFull (= 2.6.5)
  - tealium-swift/Core (2.6.5)
  - tealium-swift/TealiumFull (2.6.5)

DEPENDENCIES:
  - AppAuth
  - ChromaColorPicker
  - MarkdownKit
  - MoEngage-iOS-SDK (~> 7.0)
  - tealium-swift
  - tealium-swift/Core

SPEC REPOS:
  trunk:
    - AppAuth
    - ChromaColorPicker
    - MarkdownKit
    - MoEngage-iOS-SDK
    - MORichNotification
    - tealium-swift

SPEC CHECKSUMS:
  AppAuth: 80317d99ac7ff2801a2f18ff86b48cd315ed465d
  ChromaColorPicker: 307585f2dc23d4d72f24cad320c1e08825cb5c09
  MarkdownKit: 0b15195c63cf3e39387949c4bdeccde0055e252a
  MoEngage-iOS-SDK: eeedf235fd0db9d2eacb0becee489b3f66582f1e
  MORichNotification: 3f4c3f3e6aa4f961811b15e9b6d25c27d923812c
  tealium-swift: 1e06aa9071e84086360d407dc4687906dd759542

PODFILE CHECKSUM: c8f9f014022b502e78fe91f54f0b7381c8f78b40

COCOAPODS: 1.11.3
